<?xml version="1.0"?>
<plist version="1.0">
	<dict>
		<key>archiveVersion</key>
		<string>1</string>
		<key>classes</key>
		<dict />
		<key>objectVersion</key>
		<string>46</string>
		<key>objects</key>
		<dict>
			<key>6F860A47CDC8A55D7C8D6A64</key>
			<dict>
				<key>explicitFileType</key>
				<string>sourcecode.c.h</string>
				<key>fileEncoding</key>
				<string>4</string>
				<key>isa</key>
				<string>PBXFileReference</string>
				<key>name</key>
				<string>ofxSimpleSerial.h</string>
				<key>path</key>
				<string>../../../openFrameworks/addons/ofxSimpleSerial/src/ofxSimpleSerial.h</string>
				<key>sourceTree</key>
				<string>SOURCE_ROOT</string>
			</dict>
			<key>52413AD708FABC6DBE18EA93</key>
			<dict>
				<key>children</key>
				<array>
					<string>707F7EC2CACC78F27183809D</string>
					<string>6F860A47CDC8A55D7C8D6A64</string>
				</array>
				<key>isa</key>
				<string>PBXGroup</string>
				<key>name</key>
				<string>src</string>
				<key>sourceTree</key>
				<string>&lt;group&gt;</string>
			</dict>
			<key>30CFBB86EC7BF2803432D264</key>
			<dict>
				<key>children</key>
				<array>
					<string>52413AD708FABC6DBE18EA93</string>
				</array>
				<key>isa</key>
				<string>PBXGroup</string>
				<key>name</key>
				<string>ofxSimpleSerial</string>
				<key>sourceTree</key>
				<string>&lt;group&gt;</string>
			</dict>
			<key>1AAEF1C8F5E92EDB129AB555</key>
			<dict>
				<key>fileRef</key>
				<string>707F7EC2CACC78F27183809D</string>
				<key>isa</key>
				<string>PBXBuildFile</string>
			</dict>
			<key>707F7EC2CACC78F27183809D</key>
			<dict>
				<key>explicitFileType</key>
				<string>sourcecode.cpp.cpp</string>
				<key>fileEncoding</key>
				<string>4</string>
				<key>isa</key>
				<string>PBXFileReference</string>
				<key>name</key>
				<string>ofxSimpleSerial.cpp</string>
				<key>path</key>
				<string>../../../openFrameworks/addons/ofxSimpleSerial/src/ofxSimpleSerial.cpp</string>
				<key>sourceTree</key>
				<string>SOURCE_ROOT</string>
			</dict>
			<key>127F8BD9A8CA589746FC5A84</key>
			<dict>
				<key>explicitFileType</key>
				<string>sourcecode.c.h</string>
				<key>fileEncoding</key>
				<string>4</string>
				<key>isa</key>
				<string>PBXFileReference</string>
				<key>name</key>
				<string>variant.hpp</string>
				<key>path</key>
				<string>../../../openFrameworks/addons/ofxOMXPlayer/src/utils/variant.hpp</string>
				<key>sourceTree</key>
				<string>SOURCE_ROOT</string>
			</dict>
			<key>B26839B7D01A9AA39FB9B8E5</key>
			<dict>
				<key>explicitFileType</key>
				<string>sourcecode.c.h</string>
				<key>fileEncoding</key>
				<string>4</string>
				<key>isa</key>
				<string>PBXFileReference</string>
				<key>name</key>
				<string>variant-impl.hpp</string>
				<key>path</key>
				<string>../../../openFrameworks/addons/ofxOMXPlayer/src/utils/variant-impl.hpp</string>
				<key>sourceTree</key>
				<string>SOURCE_ROOT</string>
			</dict>
			<key>E36B2DFFA6FCC1863BF50D66</key>
			<dict>
				<key>explicitFileType</key>
				<string>sourcecode.c.h</string>
				<key>fileEncoding</key>
				<string>4</string>
				<key>isa</key>
				<string>PBXFileReference</string>
				<key>name</key>
				<string>traits.hpp</string>
				<key>path</key>
				<string>../../../openFrameworks/addons/ofxOMXPlayer/src/utils/traits.hpp</string>
				<key>sourceTree</key>
				<string>SOURCE_ROOT</string>
			</dict>
			<key>C4EA422CD5160ADEE7F404FF</key>
			<dict>
				<key>explicitFileType</key>
				<string>sourcecode.c.h</string>
				<key>fileEncoding</key>
				<string>4</string>
				<key>isa</key>
				<string>PBXFileReference</string>
				<key>name</key>
				<string>Strprintf.h</string>
				<key>path</key>
				<string>../../../openFrameworks/addons/ofxOMXPlayer/src/utils/Strprintf.h</string>
				<key>sourceTree</key>
				<string>SOURCE_ROOT</string>
			</dict>
			<key>9D35C4B9253952333B0BC7DC</key>
			<dict>
				<key>explicitFileType</key>
				<string>sourcecode.c.h</string>
				<key>fileEncoding</key>
				<string>4</string>
				<key>isa</key>
				<string>PBXFileReference</string>
				<key>name</key>
				<string>StdString.h</string>
				<key>path</key>
				<string>../../../openFrameworks/addons/ofxOMXPlayer/src/utils/StdString.h</string>
				<key>sourceTree</key>
				<string>SOURCE_ROOT</string>
			</dict>
			<key>A5F80C582F4802CAB226979E</key>
			<dict>
				<key>explicitFileType</key>
				<string>sourcecode.c.h</string>
				<key>fileEncoding</key>
				<string>4</string>
				<key>isa</key>
				<string>PBXFileReference</string>
				<key>name</key>
				<string>SingleLock.h</string>
				<key>path</key>
				<string>../../../openFrameworks/addons/ofxOMXPlayer/src/utils/SingleLock.h</string>
				<key>sourceTree</key>
				<string>SOURCE_ROOT</string>
			</dict>
			<key>A363B48BBF8147B19B4FB754</key>
			<dict>
				<key>explicitFileType</key>
				<string>sourcecode.c.h</string>
				<key>fileEncoding</key>
				<string>4</string>
				<key>isa</key>
				<string>PBXFileReference</string>
				<key>name</key>
				<string>ScopeExit.h</string>
				<key>path</key>
				<string>../../../openFrameworks/addons/ofxOMXPlayer/src/utils/ScopeExit.h</string>
				<key>sourceTree</key>
				<string>SOURCE_ROOT</string>
			</dict>
			<key>09F29D085E616B6B79C3EBE0</key>
			<dict>
				<key>explicitFileType</key>
				<string>sourcecode.c.h</string>
				<key>fileEncoding</key>
				<string>4</string>
				<key>isa</key>
				<string>PBXFileReference</string>
				<key>name</key>
				<string>RegExp.h</string>
				<key>path</key>
				<string>../../../openFrameworks/addons/ofxOMXPlayer/src/utils/RegExp.h</string>
				<key>sourceTree</key>
				<string>SOURCE_ROOT</string>
			</dict>
			<key>2E40DCE64DB64AC516A1A26F</key>
			<dict>
				<key>fileRef</key>
				<string>C72667923D354359F912E8E5</string>
				<key>isa</key>
				<string>PBXBuildFile</string>
			</dict>
			<key>C72667923D354359F912E8E5</key>
			<dict>
				<key>explicitFileType</key>
				<string>sourcecode.cpp.cpp</string>
				<key>fileEncoding</key>
				<string>4</string>
				<key>isa</key>
				<string>PBXFileReference</string>
				<key>name</key>
				<string>RegExp.cpp</string>
				<key>path</key>
				<string>../../../openFrameworks/addons/ofxOMXPlayer/src/utils/RegExp.cpp</string>
				<key>sourceTree</key>
				<string>SOURCE_ROOT</string>
			</dict>
			<key>748FC2CEB34FB5C8D74CE240</key>
			<dict>
				<key>explicitFileType</key>
				<string>sourcecode.c.h</string>
				<key>fileEncoding</key>
				<string>4</string>
				<key>isa</key>
				<string>PBXFileReference</string>
				<key>name</key>
				<string>PCMRemap.h</string>
				<key>path</key>
				<string>../../../openFrameworks/addons/ofxOMXPlayer/src/utils/PCMRemap.h</string>
				<key>sourceTree</key>
				<string>SOURCE_ROOT</string>
			</dict>
			<key>60B70A59912D325146A5BD09</key>
			<dict>
				<key>fileRef</key>
				<string>8407982EB82DD6817DCD6A1C</string>
				<key>isa</key>
				<string>PBXBuildFile</string>
			</dict>
			<key>8407982EB82DD6817DCD6A1C</key>
			<dict>
				<key>explicitFileType</key>
				<string>sourcecode.cpp.cpp</string>
				<key>fileEncoding</key>
				<string>4</string>
				<key>isa</key>
				<string>PBXFileReference</string>
				<key>name</key>
				<string>PCMRemap.cpp</string>
				<key>path</key>
				<string>../../../openFrameworks/addons/ofxOMXPlayer/src/utils/PCMRemap.cpp</string>
				<key>sourceTree</key>
				<string>SOURCE_ROOT</string>
			</dict>
			<key>D1B38F78E340164D2106F23E</key>
			<dict>
				<key>explicitFileType</key>
				<string>sourcecode.c.h</string>
				<key>fileEncoding</key>
				<string>4</string>
				<key>isa</key>
				<string>PBXFileReference</string>
				<key>name</key>
				<string>MathUtils.h</string>
				<key>path</key>
				<string>../../../openFrameworks/addons/ofxOMXPlayer/src/utils/MathUtils.h</string>
				<key>sourceTree</key>
				<string>SOURCE_ROOT</string>
			</dict>
			<key>D65A541E437FACBB24A1F55A</key>
			<dict>
				<key>explicitFileType</key>
				<string>sourcecode.c.h</string>
				<key>fileEncoding</key>
				<string>4</string>
				<key>isa</key>
				<string>PBXFileReference</string>
				<key>name</key>
				<string>Mailbox.h</string>
				<key>path</key>
				<string>../../../openFrameworks/addons/ofxOMXPlayer/src/utils/Mailbox.h</string>
				<key>sourceTree</key>
				<string>SOURCE_ROOT</string>
			</dict>
			<key>3158E900A74E191395403711</key>
			<dict>
				<key>explicitFileType</key>
				<string>sourcecode.c.h</string>
				<key>fileEncoding</key>
				<string>4</string>
				<key>isa</key>
				<string>PBXFileReference</string>
				<key>name</key>
				<string>log.h</string>
				<key>path</key>
				<string>../../../openFrameworks/addons/ofxOMXPlayer/src/utils/log.h</string>
				<key>sourceTree</key>
				<string>SOURCE_ROOT</string>
			</dict>
			<key>F9AE9F1FC62DD1A0E51AFED3</key>
			<dict>
				<key>fileRef</key>
				<string>77DA88D673A20EEAFD53C547</string>
				<key>isa</key>
				<string>PBXBuildFile</string>
			</dict>
			<key>77DA88D673A20EEAFD53C547</key>
			<dict>
				<key>explicitFileType</key>
				<string>sourcecode.cpp.cpp</string>
				<key>fileEncoding</key>
				<string>4</string>
				<key>isa</key>
				<string>PBXFileReference</string>
				<key>name</key>
				<string>log.cpp</string>
				<key>path</key>
				<string>../../../openFrameworks/addons/ofxOMXPlayer/src/utils/log.cpp</string>
				<key>sourceTree</key>
				<string>SOURCE_ROOT</string>
			</dict>
			<key>B2CBD99DFDF409622789330F</key>
			<dict>
				<key>explicitFileType</key>
				<string>sourcecode.c.h</string>
				<key>fileEncoding</key>
				<string>4</string>
				<key>isa</key>
				<string>PBXFileReference</string>
				<key>name</key>
				<string>LockBlock.h</string>
				<key>path</key>
				<string>../../../openFrameworks/addons/ofxOMXPlayer/src/utils/LockBlock.h</string>
				<key>sourceTree</key>
				<string>SOURCE_ROOT</string>
			</dict>
			<key>C2422FBB76BFA33FE5ABA9F3</key>
			<dict>
				<key>explicitFileType</key>
				<string>sourcecode.c.h</string>
				<key>fileEncoding</key>
				<string>4</string>
				<key>isa</key>
				<string>PBXFileReference</string>
				<key>name</key>
				<string>FunctorVisitor.h</string>
				<key>path</key>
				<string>../../../openFrameworks/addons/ofxOMXPlayer/src/utils/FunctorVisitor.h</string>
				<key>sourceTree</key>
				<string>SOURCE_ROOT</string>
			</dict>
			<key>D3DF31BD66355C02EF24392A</key>
			<dict>
				<key>explicitFileType</key>
				<string>sourcecode.c.h</string>
				<key>fileEncoding</key>
				<string>4</string>
				<key>isa</key>
				<string>PBXFileReference</string>
				<key>name</key>
				<string>Enforce.h</string>
				<key>path</key>
				<string>../../../openFrameworks/addons/ofxOMXPlayer/src/utils/Enforce.h</string>
				<key>sourceTree</key>
				<string>SOURCE_ROOT</string>
			</dict>
			<key>8FA044A451A1660B65703B6F</key>
			<dict>
				<key>children</key>
				<array>
					<string>F46C2426990BA037654C6AC7</string>
					<string>D3DF31BD66355C02EF24392A</string>
					<string>C2422FBB76BFA33FE5ABA9F3</string>
					<string>B2CBD99DFDF409622789330F</string>
					<string>77DA88D673A20EEAFD53C547</string>
					<string>3158E900A74E191395403711</string>
					<string>D65A541E437FACBB24A1F55A</string>
					<string>D1B38F78E340164D2106F23E</string>
					<string>8407982EB82DD6817DCD6A1C</string>
					<string>748FC2CEB34FB5C8D74CE240</string>
					<string>C72667923D354359F912E8E5</string>
					<string>09F29D085E616B6B79C3EBE0</string>
					<string>A363B48BBF8147B19B4FB754</string>
					<string>A5F80C582F4802CAB226979E</string>
					<string>9D35C4B9253952333B0BC7DC</string>
					<string>C4EA422CD5160ADEE7F404FF</string>
					<string>E36B2DFFA6FCC1863BF50D66</string>
					<string>B26839B7D01A9AA39FB9B8E5</string>
					<string>127F8BD9A8CA589746FC5A84</string>
				</array>
				<key>isa</key>
				<string>PBXGroup</string>
				<key>name</key>
				<string>utils</string>
				<key>sourceTree</key>
				<string>&lt;group&gt;</string>
			</dict>
			<key>F46C2426990BA037654C6AC7</key>
			<dict>
				<key>explicitFileType</key>
				<string>sourcecode.c.h</string>
				<key>fileEncoding</key>
				<string>4</string>
				<key>isa</key>
				<string>PBXFileReference</string>
				<key>name</key>
				<string>Clamp.h</string>
				<key>path</key>
				<string>../../../openFrameworks/addons/ofxOMXPlayer/src/utils/Clamp.h</string>
				<key>sourceTree</key>
				<string>SOURCE_ROOT</string>
			</dict>
			<key>804B5D24E37A0761B0E5C347</key>
			<dict>
				<key>explicitFileType</key>
				<string>sourcecode.c.h</string>
				<key>fileEncoding</key>
				<string>4</string>
				<key>isa</key>
				<string>PBXFileReference</string>
				<key>name</key>
				<string>TerminalListener.h</string>
				<key>path</key>
				<string>../../../openFrameworks/addons/ofxOMXPlayer/src/TerminalListener.h</string>
				<key>sourceTree</key>
				<string>SOURCE_ROOT</string>
			</dict>
			<key>BCD7F5E3887D4A3C2D4CD202</key>
			<dict>
				<key>explicitFileType</key>
				<string>sourcecode.c.h</string>
				<key>fileEncoding</key>
				<string>4</string>
				<key>isa</key>
				<string>PBXFileReference</string>
				<key>name</key>
				<string>system.h</string>
				<key>path</key>
				<string>../../../openFrameworks/addons/ofxOMXPlayer/src/system.h</string>
				<key>sourceTree</key>
				<string>SOURCE_ROOT</string>
			</dict>
			<key>3AC6EE681004C06E38E0BA6D</key>
			<dict>
				<key>explicitFileType</key>
				<string>sourcecode.c.h</string>
				<key>fileEncoding</key>
				<string>4</string>
				<key>isa</key>
				<string>PBXFileReference</string>
				<key>name</key>
				<string>stdio_utf8.h</string>
				<key>path</key>
				<string>../../../openFrameworks/addons/ofxOMXPlayer/src/stdio_utf8.h</string>
				<key>sourceTree</key>
				<string>SOURCE_ROOT</string>
			</dict>
			<key>DFE4F04DD12455DF1C6E1897</key>
			<dict>
				<key>explicitFileType</key>
				<string>sourcecode.c.h</string>
				<key>fileEncoding</key>
				<string>4</string>
				<key>isa</key>
				<string>PBXFileReference</string>
				<key>name</key>
				<string>stat_utf8.h</string>
				<key>path</key>
				<string>../../../openFrameworks/addons/ofxOMXPlayer/src/stat_utf8.h</string>
				<key>sourceTree</key>
				<string>SOURCE_ROOT</string>
			</dict>
			<key>805CB5F002F73B6D1F47F28C</key>
			<dict>
				<key>explicitFileType</key>
				<string>sourcecode.c.h</string>
				<key>fileEncoding</key>
				<string>4</string>
				<key>isa</key>
				<string>PBXFileReference</string>
				<key>name</key>
				<string>OMXVideo.h</string>
				<key>path</key>
				<string>../../../openFrameworks/addons/ofxOMXPlayer/src/OMXVideo.h</string>
				<key>sourceTree</key>
				<string>SOURCE_ROOT</string>
			</dict>
			<key>0A1864DC5965D98B2ED3E4B9</key>
			<dict>
				<key>fileRef</key>
				<string>3170E6C0CBF623B60093D402</string>
				<key>isa</key>
				<string>PBXBuildFile</string>
			</dict>
			<key>3170E6C0CBF623B60093D402</key>
			<dict>
				<key>explicitFileType</key>
				<string>sourcecode.cpp.cpp</string>
				<key>fileEncoding</key>
				<string>4</string>
				<key>isa</key>
				<string>PBXFileReference</string>
				<key>name</key>
				<string>OMXVideo.cpp</string>
				<key>path</key>
				<string>../../../openFrameworks/addons/ofxOMXPlayer/src/OMXVideo.cpp</string>
				<key>sourceTree</key>
				<string>SOURCE_ROOT</string>
			</dict>
			<key>5E0A43D74251259311397BA4</key>
			<dict>
				<key>explicitFileType</key>
				<string>sourcecode.c.h</string>
				<key>fileEncoding</key>
				<string>4</string>
				<key>isa</key>
				<string>PBXFileReference</string>
				<key>name</key>
				<string>OMXThread.h</string>
				<key>path</key>
				<string>../../../openFrameworks/addons/ofxOMXPlayer/src/OMXThread.h</string>
				<key>sourceTree</key>
				<string>SOURCE_ROOT</string>
			</dict>
			<key>01C48824387DC2EFE65F6D95</key>
			<dict>
				<key>fileRef</key>
				<string>504A64FFDEE738EB42E5893E</string>
				<key>isa</key>
				<string>PBXBuildFile</string>
			</dict>
			<key>504A64FFDEE738EB42E5893E</key>
			<dict>
				<key>explicitFileType</key>
				<string>sourcecode.cpp.cpp</string>
				<key>fileEncoding</key>
				<string>4</string>
				<key>isa</key>
				<string>PBXFileReference</string>
				<key>name</key>
				<string>OMXThread.cpp</string>
				<key>path</key>
				<string>../../../openFrameworks/addons/ofxOMXPlayer/src/OMXThread.cpp</string>
				<key>sourceTree</key>
				<string>SOURCE_ROOT</string>
			</dict>
			<key>0E110FAC5E66480B22475B11</key>
			<dict>
				<key>explicitFileType</key>
				<string>sourcecode.c.h</string>
				<key>fileEncoding</key>
				<string>4</string>
				<key>isa</key>
				<string>PBXFileReference</string>
				<key>name</key>
				<string>OMXStreamInfo.h</string>
				<key>path</key>
				<string>../../../openFrameworks/addons/ofxOMXPlayer/src/OMXStreamInfo.h</string>
				<key>sourceTree</key>
				<string>SOURCE_ROOT</string>
			</dict>
			<key>28546957D0B4F46D28A97AE0</key>
			<dict>
				<key>fileRef</key>
				<string>2430B39F7C153300D0C9A268</string>
				<key>isa</key>
				<string>PBXBuildFile</string>
			</dict>
			<key>2430B39F7C153300D0C9A268</key>
			<dict>
				<key>explicitFileType</key>
				<string>sourcecode.cpp.cpp</string>
				<key>fileEncoding</key>
				<string>4</string>
				<key>isa</key>
				<string>PBXFileReference</string>
				<key>name</key>
				<string>OMXStreamInfo.cpp</string>
				<key>path</key>
				<string>../../../openFrameworks/addons/ofxOMXPlayer/src/OMXStreamInfo.cpp</string>
				<key>sourceTree</key>
				<string>SOURCE_ROOT</string>
			</dict>
			<key>83BF0C2B2FCA92FAE8813114</key>
			<dict>
				<key>explicitFileType</key>
				<string>sourcecode.c.h</string>
				<key>fileEncoding</key>
				<string>4</string>
				<key>isa</key>
				<string>PBXFileReference</string>
				<key>name</key>
				<string>OMXReader.h</string>
				<key>path</key>
				<string>../../../openFrameworks/addons/ofxOMXPlayer/src/OMXReader.h</string>
				<key>sourceTree</key>
				<string>SOURCE_ROOT</string>
			</dict>
			<key>7618D954338608D89AFF5A4E</key>
			<dict>
				<key>fileRef</key>
				<string>8C8ACE3FCC1E076686D8EE3D</string>
				<key>isa</key>
				<string>PBXBuildFile</string>
			</dict>
			<key>8C8ACE3FCC1E076686D8EE3D</key>
			<dict>
				<key>explicitFileType</key>
				<string>sourcecode.cpp.cpp</string>
				<key>fileEncoding</key>
				<string>4</string>
				<key>isa</key>
				<string>PBXFileReference</string>
				<key>name</key>
				<string>OMXReader.cpp</string>
				<key>path</key>
				<string>../../../openFrameworks/addons/ofxOMXPlayer/src/OMXReader.cpp</string>
				<key>sourceTree</key>
				<string>SOURCE_ROOT</string>
			</dict>
			<key>CB3E375749530EA47A5FA273</key>
			<dict>
				<key>explicitFileType</key>
				<string>sourcecode.c.h</string>
				<key>fileEncoding</key>
				<string>4</string>
				<key>isa</key>
				<string>PBXFileReference</string>
				<key>name</key>
				<string>OMXPlayerVideo.h</string>
				<key>path</key>
				<string>../../../openFrameworks/addons/ofxOMXPlayer/src/OMXPlayerVideo.h</string>
				<key>sourceTree</key>
				<string>SOURCE_ROOT</string>
			</dict>
			<key>7B035EE9030560B9E8AEA206</key>
			<dict>
				<key>fileRef</key>
				<string>AA6B63E8622F851CA2993B9C</string>
				<key>isa</key>
				<string>PBXBuildFile</string>
			</dict>
			<key>AA6B63E8622F851CA2993B9C</key>
			<dict>
				<key>explicitFileType</key>
				<string>sourcecode.cpp.cpp</string>
				<key>fileEncoding</key>
				<string>4</string>
				<key>isa</key>
				<string>PBXFileReference</string>
				<key>name</key>
				<string>OMXPlayerVideo.cpp</string>
				<key>path</key>
				<string>../../../openFrameworks/addons/ofxOMXPlayer/src/OMXPlayerVideo.cpp</string>
				<key>sourceTree</key>
				<string>SOURCE_ROOT</string>
			</dict>
			<key>0FDA57B450475F837DE39D39</key>
			<dict>
				<key>explicitFileType</key>
				<string>sourcecode.c.h</string>
				<key>fileEncoding</key>
				<string>4</string>
				<key>isa</key>
				<string>PBXFileReference</string>
				<key>name</key>
				<string>OMXPlayerAudio.h</string>
				<key>path</key>
				<string>../../../openFrameworks/addons/ofxOMXPlayer/src/OMXPlayerAudio.h</string>
				<key>sourceTree</key>
				<string>SOURCE_ROOT</string>
			</dict>
			<key>172CA5FEDA18B10FEE8D32D1</key>
			<dict>
				<key>fileRef</key>
				<string>B797405D8B6AEDE215C334C9</string>
				<key>isa</key>
				<string>PBXBuildFile</string>
			</dict>
			<key>B797405D8B6AEDE215C334C9</key>
			<dict>
				<key>explicitFileType</key>
				<string>sourcecode.cpp.cpp</string>
				<key>fileEncoding</key>
				<string>4</string>
				<key>isa</key>
				<string>PBXFileReference</string>
				<key>name</key>
				<string>OMXPlayerAudio.cpp</string>
				<key>path</key>
				<string>../../../openFrameworks/addons/ofxOMXPlayer/src/OMXPlayerAudio.cpp</string>
				<key>sourceTree</key>
				<string>SOURCE_ROOT</string>
			</dict>
			<key>A83A04998079F0A31D19964D</key>
			<dict>
				<key>explicitFileType</key>
				<string>sourcecode.c.h</string>
				<key>fileEncoding</key>
				<string>4</string>
				<key>isa</key>
				<string>PBXFileReference</string>
				<key>name</key>
				<string>OMXCore.h</string>
				<key>path</key>
				<string>../../../openFrameworks/addons/ofxOMXPlayer/src/OMXCore.h</string>
				<key>sourceTree</key>
				<string>SOURCE_ROOT</string>
			</dict>
			<key>7811FA0C08AF67DEABABFE67</key>
			<dict>
				<key>fileRef</key>
				<string>591EB1E91D11234548C3547A</string>
				<key>isa</key>
				<string>PBXBuildFile</string>
			</dict>
			<key>591EB1E91D11234548C3547A</key>
			<dict>
				<key>explicitFileType</key>
				<string>sourcecode.cpp.cpp</string>
				<key>fileEncoding</key>
				<string>4</string>
				<key>isa</key>
				<string>PBXFileReference</string>
				<key>name</key>
				<string>OMXCore.cpp</string>
				<key>path</key>
				<string>../../../openFrameworks/addons/ofxOMXPlayer/src/OMXCore.cpp</string>
				<key>sourceTree</key>
				<string>SOURCE_ROOT</string>
			</dict>
			<key>36FFD229A7907B289FEB2E0F</key>
			<dict>
				<key>explicitFileType</key>
				<string>sourcecode.c.h</string>
				<key>fileEncoding</key>
				<string>4</string>
				<key>isa</key>
				<string>PBXFileReference</string>
				<key>name</key>
				<string>OMXClock.h</string>
				<key>path</key>
				<string>../../../openFrameworks/addons/ofxOMXPlayer/src/OMXClock.h</string>
				<key>sourceTree</key>
				<string>SOURCE_ROOT</string>
			</dict>
			<key>D409FC1904ABED2CFD7AA46D</key>
			<dict>
				<key>fileRef</key>
				<string>616799E53417BFE3D4A020C7</string>
				<key>isa</key>
				<string>PBXBuildFile</string>
			</dict>
			<key>616799E53417BFE3D4A020C7</key>
			<dict>
				<key>explicitFileType</key>
				<string>sourcecode.cpp.cpp</string>
				<key>fileEncoding</key>
				<string>4</string>
				<key>isa</key>
				<string>PBXFileReference</string>
				<key>name</key>
				<string>OMXClock.cpp</string>
				<key>path</key>
				<string>../../../openFrameworks/addons/ofxOMXPlayer/src/OMXClock.cpp</string>
				<key>sourceTree</key>
				<string>SOURCE_ROOT</string>
			</dict>
			<key>8E436695336BA40535E7C3E3</key>
			<dict>
				<key>explicitFileType</key>
				<string>sourcecode.c.h</string>
				<key>fileEncoding</key>
				<string>4</string>
				<key>isa</key>
				<string>PBXFileReference</string>
				<key>name</key>
				<string>OMXAudioCodecOMX.h</string>
				<key>path</key>
				<string>../../../openFrameworks/addons/ofxOMXPlayer/src/OMXAudioCodecOMX.h</string>
				<key>sourceTree</key>
				<string>SOURCE_ROOT</string>
			</dict>
			<key>DE52D40B20DE237AAB02E579</key>
			<dict>
				<key>fileRef</key>
				<string>FA9C72F67EED987EEB8BD590</string>
				<key>isa</key>
				<string>PBXBuildFile</string>
			</dict>
			<key>FA9C72F67EED987EEB8BD590</key>
			<dict>
				<key>explicitFileType</key>
				<string>sourcecode.cpp.cpp</string>
				<key>fileEncoding</key>
				<string>4</string>
				<key>isa</key>
				<string>PBXFileReference</string>
				<key>name</key>
				<string>OMXAudioCodecOMX.cpp</string>
				<key>path</key>
				<string>../../../openFrameworks/addons/ofxOMXPlayer/src/OMXAudioCodecOMX.cpp</string>
				<key>sourceTree</key>
				<string>SOURCE_ROOT</string>
			</dict>
			<key>89297D9EAE6792889392B58A</key>
			<dict>
				<key>explicitFileType</key>
				<string>sourcecode.c.h</string>
				<key>fileEncoding</key>
				<string>4</string>
				<key>isa</key>
				<string>PBXFileReference</string>
				<key>name</key>
				<string>OMXAudio.h</string>
				<key>path</key>
				<string>../../../openFrameworks/addons/ofxOMXPlayer/src/OMXAudio.h</string>
				<key>sourceTree</key>
				<string>SOURCE_ROOT</string>
			</dict>
			<key>2E8C6101F36A5C8F2DE9E428</key>
			<dict>
				<key>fileRef</key>
				<string>F230A56419EC2CA4FE15AE99</string>
				<key>isa</key>
				<string>PBXBuildFile</string>
			</dict>
			<key>F230A56419EC2CA4FE15AE99</key>
			<dict>
				<key>explicitFileType</key>
				<string>sourcecode.cpp.cpp</string>
				<key>fileEncoding</key>
				<string>4</string>
				<key>isa</key>
				<string>PBXFileReference</string>
				<key>name</key>
				<string>OMXAudio.cpp</string>
				<key>path</key>
				<string>../../../openFrameworks/addons/ofxOMXPlayer/src/OMXAudio.cpp</string>
				<key>sourceTree</key>
				<string>SOURCE_ROOT</string>
			</dict>
			<key>ABBA2FF123B9CE2A0AB9976B</key>
			<dict>
				<key>explicitFileType</key>
				<string>sourcecode.c.h</string>
				<key>fileEncoding</key>
				<string>4</string>
				<key>isa</key>
				<string>PBXFileReference</string>
				<key>name</key>
				<string>OMXAlsa.h</string>
				<key>path</key>
				<string>../../../openFrameworks/addons/ofxOMXPlayer/src/OMXAlsa.h</string>
				<key>sourceTree</key>
				<string>SOURCE_ROOT</string>
			</dict>
			<key>8442AA552AF6E5D96234B35D</key>
			<dict>
				<key>fileRef</key>
				<string>6FBB409B56C0CB3C7C5BBCBC</string>
				<key>isa</key>
				<string>PBXBuildFile</string>
			</dict>
			<key>6FBB409B56C0CB3C7C5BBCBC</key>
			<dict>
				<key>explicitFileType</key>
				<string>sourcecode.cpp.cpp</string>
				<key>fileEncoding</key>
				<string>4</string>
				<key>isa</key>
				<string>PBXFileReference</string>
				<key>name</key>
				<string>OMXAlsa.cpp</string>
				<key>path</key>
				<string>../../../openFrameworks/addons/ofxOMXPlayer/src/OMXAlsa.cpp</string>
				<key>sourceTree</key>
				<string>SOURCE_ROOT</string>
			</dict>
			<key>7AB21C81F35F881EC0EF59D4</key>
			<dict>
				<key>explicitFileType</key>
				<string>sourcecode.c.h</string>
				<key>fileEncoding</key>
				<string>4</string>
				<key>isa</key>
				<string>PBXFileReference</string>
				<key>name</key>
				<string>ofxOMXPlayerSettings.h</string>
				<key>path</key>
				<string>../../../openFrameworks/addons/ofxOMXPlayer/src/ofxOMXPlayerSettings.h</string>
				<key>sourceTree</key>
				<string>SOURCE_ROOT</string>
			</dict>
			<key>4DD5EB56D26153BBBE7C629A</key>
			<dict>
				<key>explicitFileType</key>
				<string>sourcecode.c.h</string>
				<key>fileEncoding</key>
				<string>4</string>
				<key>isa</key>
				<string>PBXFileReference</string>
				<key>name</key>
				<string>ofxOMXPlayerEngine.h</string>
				<key>path</key>
				<string>../../../openFrameworks/addons/ofxOMXPlayer/src/ofxOMXPlayerEngine.h</string>
				<key>sourceTree</key>
				<string>SOURCE_ROOT</string>
			</dict>
			<key>75E1E60C28CB0DDED4CF20FD</key>
			<dict>
				<key>fileRef</key>
				<string>73D84A2B1D8E3B5A1448A20C</string>
				<key>isa</key>
				<string>PBXBuildFile</string>
			</dict>
			<key>73D84A2B1D8E3B5A1448A20C</key>
			<dict>
				<key>explicitFileType</key>
				<string>sourcecode.cpp.cpp</string>
				<key>fileEncoding</key>
				<string>4</string>
				<key>isa</key>
				<string>PBXFileReference</string>
				<key>name</key>
				<string>ofxOMXPlayerEngine.cpp</string>
				<key>path</key>
				<string>../../../openFrameworks/addons/ofxOMXPlayer/src/ofxOMXPlayerEngine.cpp</string>
				<key>sourceTree</key>
				<string>SOURCE_ROOT</string>
			</dict>
			<key>49547F7975F86749D2B69511</key>
			<dict>
				<key>explicitFileType</key>
				<string>sourcecode.c.h</string>
				<key>fileEncoding</key>
				<string>4</string>
				<key>isa</key>
				<string>PBXFileReference</string>
				<key>name</key>
				<string>ofxOMXPlayer.h</string>
				<key>path</key>
				<string>../../../openFrameworks/addons/ofxOMXPlayer/src/ofxOMXPlayer.h</string>
				<key>sourceTree</key>
				<string>SOURCE_ROOT</string>
			</dict>
			<key>85DA01CB40C4E6666DBCE9B1</key>
			<dict>
				<key>fileRef</key>
				<string>338E634CC69A041F9BEB1D44</string>
				<key>isa</key>
				<string>PBXBuildFile</string>
			</dict>
			<key>338E634CC69A041F9BEB1D44</key>
			<dict>
				<key>explicitFileType</key>
				<string>sourcecode.cpp.cpp</string>
				<key>fileEncoding</key>
				<string>4</string>
				<key>isa</key>
				<string>PBXFileReference</string>
				<key>name</key>
				<string>ofxOMXPlayer.cpp</string>
				<key>path</key>
				<string>../../../openFrameworks/addons/ofxOMXPlayer/src/ofxOMXPlayer.cpp</string>
				<key>sourceTree</key>
				<string>SOURCE_ROOT</string>
			</dict>
			<key>6AFFD4985A6023C7F46E4861</key>
			<dict>
				<key>explicitFileType</key>
				<string>sourcecode.c.h</string>
				<key>fileEncoding</key>
				<string>4</string>
				<key>isa</key>
				<string>PBXFileReference</string>
				<key>name</key>
				<string>ofRPIVideoPlayer.h</string>
				<key>path</key>
				<string>../../../openFrameworks/addons/ofxOMXPlayer/src/ofRPIVideoPlayer.h</string>
				<key>sourceTree</key>
				<string>SOURCE_ROOT</string>
			</dict>
			<key>7C1581676E6564CD5286FB1E</key>
			<dict>
				<key>fileRef</key>
				<string>0E2355B465E2FE8DADA3B80A</string>
				<key>isa</key>
				<string>PBXBuildFile</string>
			</dict>
			<key>0E2355B465E2FE8DADA3B80A</key>
			<dict>
				<key>explicitFileType</key>
				<string>sourcecode.cpp.cpp</string>
				<key>fileEncoding</key>
				<string>4</string>
				<key>isa</key>
				<string>PBXFileReference</string>
				<key>name</key>
				<string>ofRPIVideoPlayer.cpp</string>
				<key>path</key>
				<string>../../../openFrameworks/addons/ofxOMXPlayer/src/ofRPIVideoPlayer.cpp</string>
				<key>sourceTree</key>
				<string>SOURCE_ROOT</string>
			</dict>
			<key>F4988071F502E014BC41C4C7</key>
			<dict>
				<key>explicitFileType</key>
				<string>sourcecode.c.h</string>
				<key>fileEncoding</key>
				<string>4</string>
				<key>isa</key>
				<string>PBXFileReference</string>
				<key>name</key>
				<string>XMemUtils.h</string>
				<key>path</key>
				<string>../../../openFrameworks/addons/ofxOMXPlayer/src/linux/XMemUtils.h</string>
				<key>sourceTree</key>
				<string>SOURCE_ROOT</string>
			</dict>
			<key>BEBFF45C22C325483D257BAE</key>
			<dict>
				<key>fileRef</key>
				<string>429323D55F82CDA203CA8EC0</string>
				<key>isa</key>
				<string>PBXBuildFile</string>
			</dict>
			<key>429323D55F82CDA203CA8EC0</key>
			<dict>
				<key>explicitFileType</key>
				<string>sourcecode.cpp.cpp</string>
				<key>fileEncoding</key>
				<string>4</string>
				<key>isa</key>
				<string>PBXFileReference</string>
				<key>name</key>
				<string>XMemUtils.cpp</string>
				<key>path</key>
				<string>../../../openFrameworks/addons/ofxOMXPlayer/src/linux/XMemUtils.cpp</string>
				<key>sourceTree</key>
				<string>SOURCE_ROOT</string>
			</dict>
			<key>37D1741933D7408940CE166E</key>
			<dict>
				<key>children</key>
				<array>
					<string>39576E61233E775C718C15C8</string>
					<string>429323D55F82CDA203CA8EC0</string>
					<string>F4988071F502E014BC41C4C7</string>
				</array>
				<key>isa</key>
				<string>PBXGroup</string>
				<key>name</key>
				<string>linux</string>
				<key>sourceTree</key>
				<string>&lt;group&gt;</string>
			</dict>
			<key>39576E61233E775C718C15C8</key>
			<dict>
				<key>explicitFileType</key>
				<string>sourcecode.c.h</string>
				<key>fileEncoding</key>
				<string>4</string>
				<key>isa</key>
				<string>PBXFileReference</string>
				<key>name</key>
				<string>PlatformDefs.h</string>
				<key>path</key>
				<string>../../../openFrameworks/addons/ofxOMXPlayer/src/linux/PlatformDefs.h</string>
				<key>sourceTree</key>
				<string>SOURCE_ROOT</string>
			</dict>
			<key>BC1CA5EEEC5BF8CE87C1751C</key>
			<dict>
				<key>explicitFileType</key>
				<string>sourcecode.c.h</string>
				<key>fileEncoding</key>
				<string>4</string>
				<key>isa</key>
				<string>PBXFileReference</string>
				<key>name</key>
				<string>KeyConfig.h</string>
				<key>path</key>
				<string>../../../openFrameworks/addons/ofxOMXPlayer/src/KeyConfig.h</string>
				<key>sourceTree</key>
				<string>SOURCE_ROOT</string>
			</dict>
			<key>A54E3733223A4D99F3ED360E</key>
			<dict>
				<key>fileRef</key>
				<string>2863A6F6F6BB3A70D00EBD3F</string>
				<key>isa</key>
				<string>PBXBuildFile</string>
			</dict>
			<key>2863A6F6F6BB3A70D00EBD3F</key>
			<dict>
				<key>explicitFileType</key>
				<string>sourcecode.cpp.cpp</string>
				<key>fileEncoding</key>
				<string>4</string>
				<key>isa</key>
				<string>PBXFileReference</string>
				<key>name</key>
				<string>KeyConfig.cpp</string>
				<key>path</key>
				<string>../../../openFrameworks/addons/ofxOMXPlayer/src/KeyConfig.cpp</string>
				<key>sourceTree</key>
				<string>SOURCE_ROOT</string>
			</dict>
			<key>AB7384CB1BB6180E23F35E03</key>
			<dict>
				<key>children</key>
				<array>
					<string>FD8C80A86C51FAABE472AD51</string>
				</array>
				<key>isa</key>
				<string>PBXGroup</string>
				<key>name</key>
				<string>guilib</string>
				<key>sourceTree</key>
				<string>&lt;group&gt;</string>
			</dict>
			<key>FD8C80A86C51FAABE472AD51</key>
			<dict>
				<key>explicitFileType</key>
				<string>sourcecode.c.h</string>
				<key>fileEncoding</key>
				<string>4</string>
				<key>isa</key>
				<string>PBXFileReference</string>
				<key>name</key>
				<string>Geometry.h</string>
				<key>path</key>
				<string>../../../openFrameworks/addons/ofxOMXPlayer/src/guilib/Geometry.h</string>
				<key>sourceTree</key>
				<string>SOURCE_ROOT</string>
			</dict>
			<key>1A31F3A029DF165CB7247AB8</key>
			<dict>
				<key>explicitFileType</key>
				<string>sourcecode.c.h</string>
				<key>fileEncoding</key>
				<string>4</string>
				<key>isa</key>
				<string>PBXFileReference</string>
				<key>name</key>
				<string>File.h</string>
				<key>path</key>
				<string>../../../openFrameworks/addons/ofxOMXPlayer/src/File.h</string>
				<key>sourceTree</key>
				<string>SOURCE_ROOT</string>
			</dict>
			<key>319727D6DFFE1BED3A3FE387</key>
			<dict>
				<key>fileRef</key>
				<string>29BA3A42D4A11E962656D73D</string>
				<key>isa</key>
				<string>PBXBuildFile</string>
			</dict>
			<key>29BA3A42D4A11E962656D73D</key>
			<dict>
				<key>explicitFileType</key>
				<string>sourcecode.cpp.cpp</string>
				<key>fileEncoding</key>
				<string>4</string>
				<key>isa</key>
				<string>PBXFileReference</string>
				<key>name</key>
				<string>File.cpp</string>
				<key>path</key>
				<string>../../../openFrameworks/addons/ofxOMXPlayer/src/File.cpp</string>
				<key>sourceTree</key>
				<string>SOURCE_ROOT</string>
			</dict>
			<key>88B1975DDE42E40E5F8CB5FD</key>
			<dict>
				<key>explicitFileType</key>
				<string>sourcecode.c.h</string>
				<key>fileEncoding</key>
				<string>4</string>
				<key>isa</key>
				<string>PBXFileReference</string>
				<key>name</key>
				<string>DynamicDll.h</string>
				<key>path</key>
				<string>../../../openFrameworks/addons/ofxOMXPlayer/src/DynamicDll.h</string>
				<key>sourceTree</key>
				<string>SOURCE_ROOT</string>
			</dict>
			<key>047B0ABE286E9FF34DAFDEDF</key>
			<dict>
				<key>fileRef</key>
				<string>B4DFDA643FBE96F424B612D0</string>
				<key>isa</key>
				<string>PBXBuildFile</string>
			</dict>
			<key>B4DFDA643FBE96F424B612D0</key>
			<dict>
				<key>explicitFileType</key>
				<string>sourcecode.cpp.cpp</string>
				<key>fileEncoding</key>
				<string>4</string>
				<key>isa</key>
				<string>PBXFileReference</string>
				<key>name</key>
				<string>DynamicDll.cpp</string>
				<key>path</key>
				<string>../../../openFrameworks/addons/ofxOMXPlayer/src/DynamicDll.cpp</string>
				<key>sourceTree</key>
				<string>SOURCE_ROOT</string>
			</dict>
			<key>AEDCEE697FF004E3E76A28D7</key>
			<dict>
				<key>explicitFileType</key>
				<string>sourcecode.c.h</string>
				<key>fileEncoding</key>
				<string>4</string>
				<key>isa</key>
				<string>PBXFileReference</string>
				<key>name</key>
				<string>DllSwResample.h</string>
				<key>path</key>
				<string>../../../openFrameworks/addons/ofxOMXPlayer/src/DllSwResample.h</string>
				<key>sourceTree</key>
				<string>SOURCE_ROOT</string>
			</dict>
			<key>F972A36B24DF8B9CBBFDD5D9</key>
			<dict>
				<key>explicitFileType</key>
				<string>sourcecode.c.h</string>
				<key>fileEncoding</key>
				<string>4</string>
				<key>isa</key>
				<string>PBXFileReference</string>
				<key>name</key>
				<string>DllOMX.h</string>
				<key>path</key>
				<string>../../../openFrameworks/addons/ofxOMXPlayer/src/DllOMX.h</string>
				<key>sourceTree</key>
				<string>SOURCE_ROOT</string>
			</dict>
			<key>9BED8A550F01C3B4D100F1B0</key>
			<dict>
				<key>explicitFileType</key>
				<string>sourcecode.c.h</string>
				<key>fileEncoding</key>
				<string>4</string>
				<key>isa</key>
				<string>PBXFileReference</string>
				<key>name</key>
				<string>DllAvUtil.h</string>
				<key>path</key>
				<string>../../../openFrameworks/addons/ofxOMXPlayer/src/DllAvUtil.h</string>
				<key>sourceTree</key>
				<string>SOURCE_ROOT</string>
			</dict>
			<key>CC9ED4F0CAEEA8CAFB2BBDFD</key>
			<dict>
				<key>explicitFileType</key>
				<string>sourcecode.c.h</string>
				<key>fileEncoding</key>
				<string>4</string>
				<key>isa</key>
				<string>PBXFileReference</string>
				<key>name</key>
				<string>DllAvFormat.h</string>
				<key>path</key>
				<string>../../../openFrameworks/addons/ofxOMXPlayer/src/DllAvFormat.h</string>
				<key>sourceTree</key>
				<string>SOURCE_ROOT</string>
			</dict>
			<key>45104BB23888CF121BF0C338</key>
			<dict>
				<key>explicitFileType</key>
				<string>sourcecode.c.h</string>
				<key>fileEncoding</key>
				<string>4</string>
				<key>isa</key>
				<string>PBXFileReference</string>
				<key>name</key>
				<string>DllAvCodec.h</string>
				<key>path</key>
				<string>../../../openFrameworks/addons/ofxOMXPlayer/src/DllAvCodec.h</string>
				<key>sourceTree</key>
				<string>SOURCE_ROOT</string>
			</dict>
			<key>487AD91E1CD52411C7B7ECBC</key>
			<dict>
				<key>explicitFileType</key>
				<string>sourcecode.c.h</string>
				<key>fileEncoding</key>
				<string>4</string>
				<key>isa</key>
				<string>PBXFileReference</string>
				<key>name</key>
				<string>BitstreamConverter.h</string>
				<key>path</key>
				<string>../../../openFrameworks/addons/ofxOMXPlayer/src/BitstreamConverter.h</string>
				<key>sourceTree</key>
				<string>SOURCE_ROOT</string>
			</dict>
			<key>7C7F9C3F55CA7E3A53C4B444</key>
			<dict>
				<key>children</key>
				<array>
					<string>8E09241FB508E034EB1DACFD</string>
					<string>487AD91E1CD52411C7B7ECBC</string>
					<string>45104BB23888CF121BF0C338</string>
					<string>CC9ED4F0CAEEA8CAFB2BBDFD</string>
					<string>9BED8A550F01C3B4D100F1B0</string>
					<string>F972A36B24DF8B9CBBFDD5D9</string>
					<string>AEDCEE697FF004E3E76A28D7</string>
					<string>B4DFDA643FBE96F424B612D0</string>
					<string>88B1975DDE42E40E5F8CB5FD</string>
					<string>29BA3A42D4A11E962656D73D</string>
					<string>1A31F3A029DF165CB7247AB8</string>
					<string>AB7384CB1BB6180E23F35E03</string>
					<string>2863A6F6F6BB3A70D00EBD3F</string>
					<string>BC1CA5EEEC5BF8CE87C1751C</string>
					<string>37D1741933D7408940CE166E</string>
					<string>0E2355B465E2FE8DADA3B80A</string>
					<string>6AFFD4985A6023C7F46E4861</string>
					<string>338E634CC69A041F9BEB1D44</string>
					<string>49547F7975F86749D2B69511</string>
					<string>73D84A2B1D8E3B5A1448A20C</string>
					<string>4DD5EB56D26153BBBE7C629A</string>
					<string>7AB21C81F35F881EC0EF59D4</string>
					<string>6FBB409B56C0CB3C7C5BBCBC</string>
					<string>ABBA2FF123B9CE2A0AB9976B</string>
					<string>F230A56419EC2CA4FE15AE99</string>
					<string>89297D9EAE6792889392B58A</string>
					<string>FA9C72F67EED987EEB8BD590</string>
					<string>8E436695336BA40535E7C3E3</string>
					<string>616799E53417BFE3D4A020C7</string>
					<string>36FFD229A7907B289FEB2E0F</string>
					<string>591EB1E91D11234548C3547A</string>
					<string>A83A04998079F0A31D19964D</string>
					<string>B797405D8B6AEDE215C334C9</string>
					<string>0FDA57B450475F837DE39D39</string>
					<string>AA6B63E8622F851CA2993B9C</string>
					<string>CB3E375749530EA47A5FA273</string>
					<string>8C8ACE3FCC1E076686D8EE3D</string>
					<string>83BF0C2B2FCA92FAE8813114</string>
					<string>2430B39F7C153300D0C9A268</string>
					<string>0E110FAC5E66480B22475B11</string>
					<string>504A64FFDEE738EB42E5893E</string>
					<string>5E0A43D74251259311397BA4</string>
					<string>3170E6C0CBF623B60093D402</string>
					<string>805CB5F002F73B6D1F47F28C</string>
					<string>DFE4F04DD12455DF1C6E1897</string>
					<string>3AC6EE681004C06E38E0BA6D</string>
					<string>BCD7F5E3887D4A3C2D4CD202</string>
					<string>804B5D24E37A0761B0E5C347</string>
					<string>8FA044A451A1660B65703B6F</string>
				</array>
				<key>isa</key>
				<string>PBXGroup</string>
				<key>name</key>
				<string>src</string>
				<key>sourceTree</key>
				<string>&lt;group&gt;</string>
			</dict>
			<key>451468E3D80A5EDBEB05D344</key>
			<dict>
				<key>children</key>
				<array>
					<string>7C7F9C3F55CA7E3A53C4B444</string>
				</array>
				<key>isa</key>
				<string>PBXGroup</string>
				<key>name</key>
				<string>ofxOMXPlayer</string>
				<key>sourceTree</key>
				<string>&lt;group&gt;</string>
			</dict>
			<key>2A08E9B615C96763507A3F33</key>
			<dict>
				<key>fileRef</key>
				<string>8E09241FB508E034EB1DACFD</string>
				<key>isa</key>
				<string>PBXBuildFile</string>
			</dict>
			<key>8E09241FB508E034EB1DACFD</key>
			<dict>
				<key>explicitFileType</key>
				<string>sourcecode.cpp.cpp</string>
				<key>fileEncoding</key>
				<string>4</string>
				<key>isa</key>
				<string>PBXFileReference</string>
				<key>name</key>
				<string>BitstreamConverter.cpp</string>
				<key>path</key>
				<string>../../../openFrameworks/addons/ofxOMXPlayer/src/BitstreamConverter.cpp</string>
				<key>sourceTree</key>
				<string>SOURCE_ROOT</string>
			</dict>
			<key>5B29CA5700266304D6ED627E</key>
			<dict>
				<key>explicitFileType</key>
				<string>sourcecode.c.h</string>
				<key>fileEncoding</key>
				<string>4</string>
				<key>isa</key>
				<string>PBXFileReference</string>
				<key>name</key>
				<string>TextTyping.hpp</string>
				<key>path</key>
				<string>src/TextTyping.hpp</string>
				<key>sourceTree</key>
				<string>SOURCE_ROOT</string>
			</dict>
			<key>E233689E531F37A9314ADED2</key>
			<dict>
				<key>fileRef</key>
				<string>C92F983B9638D00D40DD87D6</string>
				<key>isa</key>
				<string>PBXBuildFile</string>
			</dict>
			<key>C92F983B9638D00D40DD87D6</key>
			<dict>
				<key>explicitFileType</key>
				<string>sourcecode.cpp.cpp</string>
				<key>fileEncoding</key>
				<string>4</string>
				<key>isa</key>
				<string>PBXFileReference</string>
				<key>name</key>
				<string>TextTyping.cpp</string>
				<key>path</key>
				<string>src/TextTyping.cpp</string>
				<key>sourceTree</key>
				<string>SOURCE_ROOT</string>
			</dict>
			<key>96BA0B8C7C9921D2BCA4E6C1</key>
			<dict>
				<key>explicitFileType</key>
				<string>sourcecode.c.h</string>
				<key>fileEncoding</key>
				<string>4</string>
				<key>isa</key>
				<string>PBXFileReference</string>
				<key>name</key>
				<string>Line.hpp</string>
				<key>path</key>
				<string>src/Line.hpp</string>
				<key>sourceTree</key>
				<string>SOURCE_ROOT</string>
			</dict>
			<key>143B47270404C981E9C3EB64</key>
			<dict>
				<key>fileRef</key>
				<string>E26359B3F76DB6C94AF4C692</string>
				<key>isa</key>
				<string>PBXBuildFile</string>
			</dict>
			<key>E26359B3F76DB6C94AF4C692</key>
			<dict>
				<key>explicitFileType</key>
				<string>sourcecode.cpp.cpp</string>
				<key>fileEncoding</key>
				<string>4</string>
				<key>isa</key>
				<string>PBXFileReference</string>
				<key>name</key>
				<string>Line.cpp</string>
				<key>path</key>
				<string>src/Line.cpp</string>
				<key>sourceTree</key>
				<string>SOURCE_ROOT</string>
			</dict>
			<key>774865F8EBF35FC347F97FC8</key>
			<dict>
				<key>explicitFileType</key>
				<string>sourcecode.c.h</string>
				<key>fileEncoding</key>
				<string>4</string>
				<key>isa</key>
				<string>PBXFileReference</string>
				<key>name</key>
				<string>ImageAnimation.hpp</string>
				<key>path</key>
				<string>src/ImageAnimation.hpp</string>
				<key>sourceTree</key>
				<string>SOURCE_ROOT</string>
			</dict>
			<key>FEE81A126A2B87A13F76AA4D</key>
			<dict>
				<key>fileRef</key>
				<string>73DF7132B19B2A0C33587FF2</string>
				<key>isa</key>
				<string>PBXBuildFile</string>
			</dict>
			<key>73DF7132B19B2A0C33587FF2</key>
			<dict>
				<key>explicitFileType</key>
				<string>sourcecode.cpp.cpp</string>
				<key>fileEncoding</key>
				<string>4</string>
				<key>isa</key>
				<string>PBXFileReference</string>
				<key>name</key>
				<string>ImageAnimation.cpp</string>
				<key>path</key>
				<string>src/ImageAnimation.cpp</string>
				<key>sourceTree</key>
				<string>SOURCE_ROOT</string>
			</dict>
			<key>D38BEE0367D5BAEDF9415F15</key>
			<dict>
				<key>explicitFileType</key>
				<string>sourcecode.c.h</string>
				<key>fileEncoding</key>
				<string>4</string>
				<key>isa</key>
				<string>PBXFileReference</string>
				<key>name</key>
				<string>HandMarker.hpp</string>
				<key>path</key>
				<string>src/HandMarker.hpp</string>
				<key>sourceTree</key>
				<string>SOURCE_ROOT</string>
			</dict>
			<key>4A53C98384D68C899DFF54E8</key>
			<dict>
				<key>fileRef</key>
				<string>FF9533BF0DCBC5C8052F15F7</string>
				<key>isa</key>
				<string>PBXBuildFile</string>
			</dict>
			<key>FF9533BF0DCBC5C8052F15F7</key>
			<dict>
				<key>explicitFileType</key>
				<string>sourcecode.cpp.cpp</string>
				<key>fileEncoding</key>
				<string>4</string>
				<key>isa</key>
				<string>PBXFileReference</string>
				<key>name</key>
				<string>HandMarker.cpp</string>
				<key>path</key>
				<string>src/HandMarker.cpp</string>
				<key>sourceTree</key>
				<string>SOURCE_ROOT</string>
			</dict>
			<key>014FC7BA72C24E55587D5B06</key>
			<dict>
				<key>explicitFileType</key>
				<string>sourcecode.c.h</string>
				<key>fileEncoding</key>
				<string>4</string>
				<key>isa</key>
				<string>PBXFileReference</string>
				<key>name</key>
				<string>DottedLine.hpp</string>
				<key>path</key>
				<string>src/DottedLine.hpp</string>
				<key>sourceTree</key>
				<string>SOURCE_ROOT</string>
			</dict>
			<key>0FE59AD43F7B127AC55E6711</key>
			<dict>
				<key>fileRef</key>
				<string>849F497585C5E47BC69BB0F1</string>
				<key>isa</key>
				<string>PBXBuildFile</string>
			</dict>
			<key>849F497585C5E47BC69BB0F1</key>
			<dict>
				<key>explicitFileType</key>
				<string>sourcecode.cpp.cpp</string>
				<key>fileEncoding</key>
				<string>4</string>
				<key>isa</key>
				<string>PBXFileReference</string>
				<key>name</key>
				<string>DottedLine.cpp</string>
				<key>path</key>
				<string>src/DottedLine.cpp</string>
				<key>sourceTree</key>
				<string>SOURCE_ROOT</string>
			</dict>
			<key>4F43FF00BDEA5834B85477B2</key>
			<dict>
				<key>explicitFileType</key>
				<string>sourcecode.c.h</string>
				<key>fileEncoding</key>
				<string>4</string>
				<key>isa</key>
				<string>PBXFileReference</string>
				<key>name</key>
				<string>DashedLine.hpp</string>
				<key>path</key>
				<string>src/DashedLine.hpp</string>
				<key>sourceTree</key>
				<string>SOURCE_ROOT</string>
			</dict>
			<key>AC3549ED36EE6A8272225DC1</key>
			<dict>
				<key>fileRef</key>
				<string>ABD2391EB79C49640E2C9895</string>
				<key>isa</key>
				<string>PBXBuildFile</string>
			</dict>
			<key>ABD2391EB79C49640E2C9895</key>
			<dict>
				<key>explicitFileType</key>
				<string>sourcecode.cpp.cpp</string>
				<key>fileEncoding</key>
				<string>4</string>
				<key>isa</key>
				<string>PBXFileReference</string>
				<key>name</key>
				<string>DashedLine.cpp</string>
				<key>path</key>
				<string>src/DashedLine.cpp</string>
				<key>sourceTree</key>
				<string>SOURCE_ROOT</string>
			</dict>
			<key>1A0C00FC3CFB258A9E01CD81</key>
			<dict>
				<key>explicitFileType</key>
				<string>sourcecode.c.h</string>
				<key>fileEncoding</key>
				<string>4</string>
				<key>isa</key>
				<string>PBXFileReference</string>
				<key>name</key>
				<string>Constants.hpp</string>
				<key>path</key>
				<string>src/Constants.hpp</string>
				<key>sourceTree</key>
				<string>SOURCE_ROOT</string>
			</dict>
			<key>6948EE371B920CB800B5AC1A</key>
			<dict>
				<key>children</key>
				<array />
				<key>isa</key>
				<string>PBXGroup</string>
				<key>name</key>
				<string>local_addons</string>
				<key>sourceTree</key>
				<string>&lt;group&gt;</string>
			</dict>
			<key>8466F1851C04CA0E00918B1C</key>
			<dict>
				<key>buildActionMask</key>
				<string>12</string>
				<key>files</key>
				<array />
				<key>inputPaths</key>
				<array />
				<key>isa</key>
				<string>PBXShellScriptBuildPhase</string>
				<key>outputPaths</key>
				<array />
				<key>runOnlyForDeploymentPostprocessing</key>
				<string>0</string>
				<key>shellPath</key>
				<string>/bin/sh</string>
				<key>shellScript</key>
				<string>echo "$GCC_PREPROCESSOR_DEFINITIONS";
APPSTORE=`expr "$GCC_PREPROCESSOR_DEFINITIONS" : ".*APPSTORE=\([0-9]*\)"`
if [ -z "$APPSTORE" ] ; then
echo "Note: Not copying bin/data to App Package or doing App Code signing. Use AppStore target for AppStore distribution";
else
# Copy bin/data into App/Resources
rsync -avz --exclude='.DS_Store' "${SRCROOT}/bin/data/" "${TARGET_BUILD_DIR}/${UNLOCALIZED_RESOURCES_FOLDER_PATH}/data/"

# ---- Code Sign App Package ----

# WARNING: You may have to run Clean in Xcode after changing CODE_SIGN_IDENTITY!

# Verify that $CODE_SIGN_IDENTITY is set
if [ -z "${CODE_SIGN_IDENTITY}" ] ; then
echo "CODE_SIGN_IDENTITY needs to be set for framework code-signing"
exit 0
fi

if [ -z "${CODE_SIGN_ENTITLEMENTS}" ] ; then
echo "CODE_SIGN_ENTITLEMENTS needs to be set for framework code-signing!"

if [ "${CONFIGURATION}" = "Release" ] ; then
exit 1
else
# Code-signing is optional for non-release builds.
exit 0
fi
fi

ITEMS=""

FRAMEWORKS_DIR="${TARGET_BUILD_DIR}/${FRAMEWORKS_FOLDER_PATH}"
echo "$FRAMEWORKS_DIR"
if [ -d "$FRAMEWORKS_DIR" ] ; then
FRAMEWORKS=$(find "${FRAMEWORKS_DIR}" -depth -type d -name "*.framework" -or -name "*.dylib" -or -name "*.bundle" | sed -e "s/\(.*framework\)/\1\/Versions\/A\//")
RESULT=$?
if [[ $RESULT != 0 ]] ; then
exit 1
fi

ITEMS="${FRAMEWORKS}"
fi

LOGINITEMS_DIR="${TARGET_BUILD_DIR}/${CONTENTS_FOLDER_PATH}/Library/LoginItems/"
if [ -d "$LOGINITEMS_DIR" ] ; then
LOGINITEMS=$(find "${LOGINITEMS_DIR}" -depth -type d -name "*.app")
RESULT=$?
if [[ $RESULT != 0 ]] ; then
exit 1
fi

ITEMS="${ITEMS}"$'\n'"${LOGINITEMS}"
fi

# Prefer the expanded name, if available.
CODE_SIGN_IDENTITY_FOR_ITEMS="${EXPANDED_CODE_SIGN_IDENTITY_NAME}"
if [ "${CODE_SIGN_IDENTITY_FOR_ITEMS}" = "" ] ; then
# Fall back to old behavior.
CODE_SIGN_IDENTITY_FOR_ITEMS="${CODE_SIGN_IDENTITY}"
fi

echo "Identity:"
echo "${CODE_SIGN_IDENTITY_FOR_ITEMS}"

echo "Entitlements:"
echo "${CODE_SIGN_ENTITLEMENTS}"

echo "Found:"
echo "${ITEMS}"

# Change the Internal Field Separator (IFS) so that spaces in paths will not cause problems below.
SAVED_IFS=$IFS
IFS=$(echo -en "\n\b")

# Loop through all items.
for ITEM in $ITEMS;
do
echo "Signing '${ITEM}'"
codesign --force --verbose --sign "${CODE_SIGN_IDENTITY_FOR_ITEMS}" --entitlements "${CODE_SIGN_ENTITLEMENTS}" "${ITEM}"
RESULT=$?
if [[ $RESULT != 0 ]] ; then
echo "Failed to sign '${ITEM}'."
IFS=$SAVED_IFS
exit 1
fi
done

# Restore $IFS.
IFS=$SAVED_IFS

fi
</string>
			</dict>
			<key>99FA3DBB1C7456C400CFA0EE</key>
			<dict>
				<key>baseConfigurationReference</key>
				<string>E4EB6923138AFD0F00A09F29</string>
				<key>buildSettings</key>
				<dict>
					<key>OTHER_LDFLAGS</key>
					<array>
						<string>$(OF_CORE_FRAMEWORKS) $(OF_CORE_LIBS)</string>
						<string>-lavcodec</string>
						<string>-lavformat</string>
						<string>-lswscale</string>
						<string>-lavutil</string>
						<string>-lswresample</string>
						<string>-lavfilter</string>
						<string>-lm</string>
						<string>-lz</string>
					</array>
					<key>OTHER_CFLAGS</key>
					<array>
						<string>-fPIC</string>
						<string>-U_FORTIFY_SOURCE</string>
						<string>-Wall</string>
						<string>-ftree-vectorize</string>
						<string>-ftree-vectorize</string>
						<string>-Wno-deprecated-declarations</string>
						<string>-Wno-sign-compare</string>
						<string>-Wno-unknown-pragmas</string>
						<string>-Wno-unused-function</string>
						<string>-Wno-unused-but-set-variable</string>
					</array>
					<key>HEADER_SEARCH_PATHS</key>
					<array>
						<string>$(OF_CORE_HEADERS)</string>
						<string>src</string>
						<string>../../../openFrameworks/addons/ofxOMXPlayer/src</string>
						<string>../../../openFrameworks/addons/ofxSimpleSerial/src</string>
					</array>
					<key>CONFIGURATION_BUILD_DIR</key>
					<string>$(SRCROOT)/bin/</string>
					<key>COPY_PHASE_STRIP</key>
					<string>YES</string>
					<key>DEAD_CODE_STRIPPING</key>
					<string>YES</string>
					<key>GCC_AUTO_VECTORIZATION</key>
					<string>YES</string>
					<key>GCC_ENABLE_SSE3_EXTENSIONS</key>
					<string>YES</string>
					<key>GCC_ENABLE_SUPPLEMENTAL_SSE3_INSTRUCTIONS</key>
					<string>YES</string>
					<key>GCC_INLINES_ARE_PRIVATE_EXTERN</key>
					<string>NO</string>
					<key>GCC_OPTIMIZATION_LEVEL</key>
					<string>3</string>
					<key>GCC_PREPROCESSOR_DEFINITIONS[arch=*]</key>
					<string>DISTRIBUTION=1</string>
					<key>GCC_SYMBOLS_PRIVATE_EXTERN</key>
					<string>NO</string>
					<key>GCC_UNROLL_LOOPS</key>
					<string>YES</string>
					<key>GCC_WARN_ABOUT_DEPRECATED_FUNCTIONS</key>
					<string>YES</string>
					<key>GCC_WARN_ABOUT_INVALID_OFFSETOF_MACRO</key>
					<string>NO</string>
					<key>GCC_WARN_ALLOW_INCOMPLETE_PROTOCOL</key>
					<string>NO</string>
					<key>GCC_WARN_UNINITIALIZED_AUTOS</key>
					<string>NO</string>
					<key>GCC_WARN_UNUSED_VALUE</key>
					<string>NO</string>
					<key>GCC_WARN_UNUSED_VARIABLE</key>
					<string>NO</string>
					<key>MACOSX_DEPLOYMENT_TARGET</key>
					<string>10.9</string>
					<key>OTHER_CPLUSPLUSFLAGS</key>
					<array>
						<string>-D__MACOSX_CORE__</string>
						<string>-mtune=native</string>
					</array>
					<key>SDKROOT</key>
					<string>macosx</string>
				</dict>
				<key>isa</key>
				<string>XCBuildConfiguration</string>
				<key>name</key>
				<string>AppStore</string>
			</dict>
			<key>99FA3DBC1C7456C400CFA0EE</key>
			<dict>
				<key>baseConfigurationReference</key>
				<string>E4EB6923138AFD0F00A09F29</string>
				<key>buildSettings</key>
				<dict>
					<key>OTHER_LDFLAGS</key>
					<array>
						<string>$(OF_CORE_FRAMEWORKS) $(OF_CORE_LIBS)</string>
						<string>-lavcodec</string>
						<string>-lavformat</string>
						<string>-lswscale</string>
						<string>-lavutil</string>
						<string>-lswresample</string>
						<string>-lavfilter</string>
						<string>-lm</string>
						<string>-lz</string>
					</array>
					<key>OTHER_CFLAGS</key>
					<array>
						<string>-fPIC</string>
						<string>-U_FORTIFY_SOURCE</string>
						<string>-Wall</string>
						<string>-ftree-vectorize</string>
						<string>-ftree-vectorize</string>
						<string>-Wno-deprecated-declarations</string>
						<string>-Wno-sign-compare</string>
						<string>-Wno-unknown-pragmas</string>
						<string>-Wno-unused-function</string>
						<string>-Wno-unused-but-set-variable</string>
					</array>
					<key>HEADER_SEARCH_PATHS</key>
					<array>
						<string>$(OF_CORE_HEADERS)</string>
						<string>src</string>
						<string>../../../openFrameworks/addons/ofxOMXPlayer/src</string>
						<string>../../../openFrameworks/addons/ofxSimpleSerial/src</string>
					</array>
					<key>COMBINE_HIDPI_IMAGES</key>
					<string>YES</string>
					<key>COPY_PHASE_STRIP</key>
					<string>YES</string>
					<key>FRAMEWORK_SEARCH_PATHS</key>
					<array>
						<string>$(inherited)</string>
					</array>
					<key>GCC_GENERATE_DEBUGGING_SYMBOLS</key>
					<string>YES</string>
					<key>GCC_MODEL_TUNING</key>
					<string>NONE</string>
					<key>GCC_PREPROCESSOR_DEFINITIONS[arch=*]</key>
					<string>APPSTORE=1</string>
					<key>ICON</key>
					<string>$(ICON_NAME_RELEASE)</string>
					<key>ICON_FILE</key>
					<string>$(ICON_FILE_PATH)$(ICON)</string>
					<key>INFOPLIST_FILE</key>
					<string>openFrameworks-Info.plist</string>
					<key>INSTALL_PATH</key>
					<string>/Applications</string>
					<key>LIBRARY_SEARCH_PATHS</key>
					<string>$(inherited)</string>
					<key>PRODUCT_NAME</key>
					<string>$(TARGET_NAME)</string>
					<key>WRAPPER_EXTENSION</key>
					<string>app</string>
					<key>baseConfigurationReference</key>
					<string>E4EB6923138AFD0F00A09F29</string>
				</dict>
				<key>isa</key>
				<string>XCBuildConfiguration</string>
				<key>name</key>
				<string>AppStore</string>
			</dict>
			<key>BB4B014C10F69532006C3DED</key>
			<dict>
				<key>children</key>
				<array>
					<string>451468E3D80A5EDBEB05D344</string>
					<string>30CFBB86EC7BF2803432D264</string>
				</array>
				<key>isa</key>
				<string>PBXGroup</string>
				<key>name</key>
				<string>addons</string>
				<key>sourceTree</key>
				<string>&lt;group&gt;</string>
			</dict>
			<key>E4328143138ABC890047C5CB</key>
			<dict>
				<key>isa</key>
				<string>PBXFileReference</string>
				<key>lastKnownFileType</key>
				<string>wrapper.pb-project</string>
				<key>name</key>
				<string>openFrameworksLib.xcodeproj</string>
				<key>path</key>
				<string>../../../openFrameworks/libs/openFrameworksCompiled/project/osx/openFrameworksLib.xcodeproj</string>
				<key>sourceTree</key>
				<string>SOURCE_ROOT</string>
			</dict>
			<key>E4328144138ABC890047C5CB</key>
			<dict>
				<key>children</key>
				<array>
					<string>E4328148138ABC890047C5CB</string>
				</array>
				<key>isa</key>
				<string>PBXGroup</string>
				<key>name</key>
				<string>Products</string>
				<key>sourceTree</key>
				<string>&lt;group&gt;</string>
			</dict>
			<key>E4328147138ABC890047C5CB</key>
			<dict>
				<key>containerPortal</key>
				<string>E4328143138ABC890047C5CB</string>
				<key>isa</key>
				<string>PBXContainerItemProxy</string>
				<key>proxyType</key>
				<string>2</string>
				<key>remoteGlobalIDString</key>
				<string>E4B27C1510CBEB8E00536013</string>
				<key>remoteInfo</key>
				<string>openFrameworks</string>
			</dict>
			<key>E4328148138ABC890047C5CB</key>
			<dict>
				<key>fileType</key>
				<string>archive.ar</string>
				<key>isa</key>
				<string>PBXReferenceProxy</string>
				<key>path</key>
				<string>openFrameworksDebug.a</string>
				<key>remoteRef</key>
				<string>E4328147138ABC890047C5CB</string>
				<key>sourceTree</key>
				<string>BUILT_PRODUCTS_DIR</string>
			</dict>
			<key>E4328149138ABC9F0047C5CB</key>
			<dict>
				<key>fileRef</key>
				<string>E4328148138ABC890047C5CB</string>
				<key>isa</key>
				<string>PBXBuildFile</string>
			</dict>
			<key>E4B69B4A0A3A1720003C02F2</key>
			<dict>
				<key>children</key>
				<array>
					<string>E4B6FCAD0C3E899E008CF71C</string>
					<string>E4EB6923138AFD0F00A09F29</string>
					<string>E4B69E1C0A3A1BDC003C02F2</string>
					<string>E4EEC9E9138DF44700A80321</string>
					<string>BB4B014C10F69532006C3DED</string>
					<string>6948EE371B920CB800B5AC1A</string>
					<string>E4B69B5B0A3A1756003C02F2</string>
				</array>
				<key>isa</key>
				<string>PBXGroup</string>
				<key>sourceTree</key>
				<string>&lt;group&gt;</string>
			</dict>
			<key>E4B69B4C0A3A1720003C02F2</key>
			<dict>
				<key>attributes</key>
				<dict>
					<key>LastUpgradeCheck</key>
					<string>0600</string>
				</dict>
				<key>buildConfigurationList</key>
				<string>E4B69B4D0A3A1720003C02F2</string>
				<key>compatibilityVersion</key>
				<string>Xcode 3.2</string>
				<key>developmentRegion</key>
				<string>English</string>
				<key>hasScannedForEncodings</key>
				<string>0</string>
				<key>isa</key>
				<string>PBXProject</string>
				<key>knownRegions</key>
				<array>
					<string>English</string>
					<string>Japanese</string>
					<string>French</string>
					<string>German</string>
				</array>
				<key>mainGroup</key>
				<string>E4B69B4A0A3A1720003C02F2</string>
				<key>productRefGroup</key>
				<string>E4B69B4A0A3A1720003C02F2</string>
				<key>projectDirPath</key>
				<string />
				<key>projectReferences</key>
				<array>
					<dict>
						<key>ProductGroup</key>
						<string>E4328144138ABC890047C5CB</string>
						<key>ProjectRef</key>
						<string>E4328143138ABC890047C5CB</string>
					</dict>
				</array>
				<key>projectRoot</key>
				<string />
				<key>targets</key>
				<array>
					<string>E4B69B5A0A3A1756003C02F2</string>
				</array>
			</dict>
			<key>E4B69B4D0A3A1720003C02F2</key>
			<dict>
				<key>buildConfigurations</key>
				<array>
					<string>E4B69B4E0A3A1720003C02F2</string>
					<string>E4B69B4F0A3A1720003C02F2</string>
					<string>99FA3DBB1C7456C400CFA0EE</string>
				</array>
				<key>defaultConfigurationIsVisible</key>
				<string>0</string>
				<key>defaultConfigurationName</key>
				<string>Release</string>
				<key>isa</key>
				<string>XCConfigurationList</string>
			</dict>
			<key>E4B69B4E0A3A1720003C02F2</key>
			<dict>
				<key>baseConfigurationReference</key>
				<string>E4EB6923138AFD0F00A09F29</string>
				<key>buildSettings</key>
				<dict>
					<key>OTHER_LDFLAGS</key>
					<array>
						<string>$(OF_CORE_FRAMEWORKS) $(OF_CORE_LIBS)</string>
						<string>-lavcodec</string>
						<string>-lavformat</string>
						<string>-lswscale</string>
						<string>-lavutil</string>
						<string>-lswresample</string>
						<string>-lavfilter</string>
						<string>-lm</string>
						<string>-lz</string>
					</array>
					<key>OTHER_CFLAGS</key>
					<array>
						<string>-fPIC</string>
						<string>-U_FORTIFY_SOURCE</string>
						<string>-Wall</string>
						<string>-ftree-vectorize</string>
						<string>-ftree-vectorize</string>
						<string>-Wno-deprecated-declarations</string>
						<string>-Wno-sign-compare</string>
						<string>-Wno-unknown-pragmas</string>
						<string>-Wno-unused-function</string>
						<string>-Wno-unused-but-set-variable</string>
					</array>
					<key>HEADER_SEARCH_PATHS</key>
					<array>
						<string>$(OF_CORE_HEADERS)</string>
						<string>src</string>
						<string>../../../openFrameworks/addons/ofxOMXPlayer/src</string>
						<string>../../../openFrameworks/addons/ofxSimpleSerial/src</string>
					</array>
					<key>CONFIGURATION_BUILD_DIR</key>
					<string>$(SRCROOT)/bin/</string>
					<key>COPY_PHASE_STRIP</key>
					<string>NO</string>
					<key>DEAD_CODE_STRIPPING</key>
					<string>YES</string>
					<key>GCC_AUTO_VECTORIZATION</key>
					<string>YES</string>
					<key>GCC_ENABLE_SSE3_EXTENSIONS</key>
					<string>YES</string>
					<key>GCC_ENABLE_SUPPLEMENTAL_SSE3_INSTRUCTIONS</key>
					<string>YES</string>
					<key>GCC_INLINES_ARE_PRIVATE_EXTERN</key>
					<string>NO</string>
					<key>GCC_OPTIMIZATION_LEVEL</key>
					<string>0</string>
					<key>GCC_SYMBOLS_PRIVATE_EXTERN</key>
					<string>NO</string>
					<key>GCC_WARN_ABOUT_DEPRECATED_FUNCTIONS</key>
					<string>YES</string>
					<key>GCC_WARN_ABOUT_INVALID_OFFSETOF_MACRO</key>
					<string>NO</string>
					<key>GCC_WARN_ALLOW_INCOMPLETE_PROTOCOL</key>
					<string>NO</string>
					<key>GCC_WARN_UNINITIALIZED_AUTOS</key>
					<string>NO</string>
					<key>GCC_WARN_UNUSED_VALUE</key>
					<string>NO</string>
					<key>GCC_WARN_UNUSED_VARIABLE</key>
					<string>NO</string>
					<key>MACOSX_DEPLOYMENT_TARGET</key>
					<string>10.9</string>
					<key>ONLY_ACTIVE_ARCH</key>
					<string>YES</string>
					<key>OTHER_CPLUSPLUSFLAGS</key>
					<array>
						<string>-D__MACOSX_CORE__</string>
						<string>-mtune=native</string>
					</array>
					<key>SDKROOT</key>
					<string>macosx</string>
				</dict>
				<key>isa</key>
				<string>XCBuildConfiguration</string>
				<key>name</key>
				<string>Debug</string>
			</dict>
			<key>E4B69B4F0A3A1720003C02F2</key>
			<dict>
				<key>baseConfigurationReference</key>
				<string>E4EB6923138AFD0F00A09F29</string>
				<key>buildSettings</key>
				<dict>
					<key>OTHER_LDFLAGS</key>
					<array>
						<string>$(OF_CORE_FRAMEWORKS) $(OF_CORE_LIBS)</string>
						<string>-lavcodec</string>
						<string>-lavformat</string>
						<string>-lswscale</string>
						<string>-lavutil</string>
						<string>-lswresample</string>
						<string>-lavfilter</string>
						<string>-lm</string>
						<string>-lz</string>
					</array>
					<key>OTHER_CFLAGS</key>
					<array>
						<string>-fPIC</string>
						<string>-U_FORTIFY_SOURCE</string>
						<string>-Wall</string>
						<string>-ftree-vectorize</string>
						<string>-ftree-vectorize</string>
						<string>-Wno-deprecated-declarations</string>
						<string>-Wno-sign-compare</string>
						<string>-Wno-unknown-pragmas</string>
						<string>-Wno-unused-function</string>
						<string>-Wno-unused-but-set-variable</string>
					</array>
					<key>HEADER_SEARCH_PATHS</key>
					<array>
						<string>$(OF_CORE_HEADERS)</string>
						<string>src</string>
						<string>../../../openFrameworks/addons/ofxOMXPlayer/src</string>
						<string>../../../openFrameworks/addons/ofxSimpleSerial/src</string>
					</array>
					<key>CONFIGURATION_BUILD_DIR</key>
					<string>$(SRCROOT)/bin/</string>
					<key>COPY_PHASE_STRIP</key>
					<string>YES</string>
					<key>DEAD_CODE_STRIPPING</key>
					<string>YES</string>
					<key>GCC_AUTO_VECTORIZATION</key>
					<string>YES</string>
					<key>GCC_ENABLE_SSE3_EXTENSIONS</key>
					<string>YES</string>
					<key>GCC_ENABLE_SUPPLEMENTAL_SSE3_INSTRUCTIONS</key>
					<string>YES</string>
					<key>GCC_INLINES_ARE_PRIVATE_EXTERN</key>
					<string>NO</string>
					<key>GCC_OPTIMIZATION_LEVEL</key>
					<string>3</string>
					<key>GCC_SYMBOLS_PRIVATE_EXTERN</key>
					<string>NO</string>
					<key>GCC_UNROLL_LOOPS</key>
					<string>YES</string>
					<key>GCC_WARN_ABOUT_DEPRECATED_FUNCTIONS</key>
					<string>YES</string>
					<key>GCC_WARN_ABOUT_INVALID_OFFSETOF_MACRO</key>
					<string>NO</string>
					<key>GCC_WARN_ALLOW_INCOMPLETE_PROTOCOL</key>
					<string>NO</string>
					<key>GCC_WARN_UNINITIALIZED_AUTOS</key>
					<string>NO</string>
					<key>GCC_WARN_UNUSED_VALUE</key>
					<string>NO</string>
					<key>GCC_WARN_UNUSED_VARIABLE</key>
					<string>NO</string>
					<key>MACOSX_DEPLOYMENT_TARGET</key>
					<string>10.9</string>
					<key>OTHER_CPLUSPLUSFLAGS</key>
					<array>
						<string>-D__MACOSX_CORE__</string>
						<string>-mtune=native</string>
					</array>
					<key>SDKROOT</key>
					<string>macosx</string>
				</dict>
				<key>isa</key>
				<string>XCBuildConfiguration</string>
				<key>name</key>
				<string>Release</string>
			</dict>
			<key>E4B69B580A3A1756003C02F2</key>
			<dict>
				<key>buildActionMask</key>
				<string>2147483647</string>
				<key>files</key>
				<array>
					<string>E4B69E200A3A1BDC003C02F2</string>
					<string>E4B69E210A3A1BDC003C02F2</string>
					<string>AC3549ED36EE6A8272225DC1</string>
					<string>0FE59AD43F7B127AC55E6711</string>
					<string>4A53C98384D68C899DFF54E8</string>
					<string>FEE81A126A2B87A13F76AA4D</string>
					<string>143B47270404C981E9C3EB64</string>
					<string>E233689E531F37A9314ADED2</string>
					<string>2A08E9B615C96763507A3F33</string>
					<string>047B0ABE286E9FF34DAFDEDF</string>
					<string>319727D6DFFE1BED3A3FE387</string>
					<string>A54E3733223A4D99F3ED360E</string>
					<string>BEBFF45C22C325483D257BAE</string>
					<string>7C1581676E6564CD5286FB1E</string>
					<string>85DA01CB40C4E6666DBCE9B1</string>
					<string>75E1E60C28CB0DDED4CF20FD</string>
					<string>8442AA552AF6E5D96234B35D</string>
					<string>2E8C6101F36A5C8F2DE9E428</string>
					<string>DE52D40B20DE237AAB02E579</string>
					<string>D409FC1904ABED2CFD7AA46D</string>
					<string>7811FA0C08AF67DEABABFE67</string>
					<string>172CA5FEDA18B10FEE8D32D1</string>
					<string>7B035EE9030560B9E8AEA206</string>
					<string>7618D954338608D89AFF5A4E</string>
					<string>28546957D0B4F46D28A97AE0</string>
					<string>01C48824387DC2EFE65F6D95</string>
					<string>0A1864DC5965D98B2ED3E4B9</string>
					<string>F9AE9F1FC62DD1A0E51AFED3</string>
					<string>60B70A59912D325146A5BD09</string>
					<string>2E40DCE64DB64AC516A1A26F</string>
					<string>1AAEF1C8F5E92EDB129AB555</string>
				</array>
				<key>isa</key>
				<string>PBXSourcesBuildPhase</string>
				<key>runOnlyForDeploymentPostprocessing</key>
				<string>0</string>
			</dict>
			<key>E4B69B590A3A1756003C02F2</key>
			<dict>
				<key>buildActionMask</key>
				<string>2147483647</string>
				<key>files</key>
				<array>
					<string>E4328149138ABC9F0047C5CB</string>
				</array>
				<key>isa</key>
				<string>PBXFrameworksBuildPhase</string>
				<key>runOnlyForDeploymentPostprocessing</key>
				<string>0</string>
			</dict>
			<key>E4B69B5A0A3A1756003C02F2</key>
			<dict>
				<key>buildConfigurationList</key>
				<string>E4B69B5F0A3A1757003C02F2</string>
				<key>buildPhases</key>
				<array>
					<string>E4B69B580A3A1756003C02F2</string>
					<string>E4B69B590A3A1756003C02F2</string>
					<string>E4B6FFFD0C3F9AB9008CF71C</string>
					<string>E4C2427710CC5ABF004149E2</string>
					<string>8466F1851C04CA0E00918B1C</string>
				</array>
				<key>buildRules</key>
				<array />
				<key>dependencies</key>
				<array>
					<string>E4EEB9AC138B136A00A80321</string>
				</array>
				<key>isa</key>
				<string>PBXNativeTarget</string>
				<key>name</key>
				<string>chicago-wall-right</string>
				<key>productName</key>
				<string>myOFApp</string>
				<key>productReference</key>
				<string>E4B69B5B0A3A1756003C02F2</string>
				<key>productType</key>
				<string>com.apple.product-type.application</string>
			</dict>
			<key>E4B69B5B0A3A1756003C02F2</key>
			<dict>
				<key>explicitFileType</key>
				<string>wrapper.application</string>
				<key>includeInIndex</key>
				<string>0</string>
				<key>isa</key>
				<string>PBXFileReference</string>
				<key>path</key>
				<string>chicago-wall-rightDebug.app</string>
				<key>sourceTree</key>
				<string>BUILT_PRODUCTS_DIR</string>
			</dict>
			<key>E4B69B5F0A3A1757003C02F2</key>
			<dict>
				<key>buildConfigurations</key>
				<array>
					<string>E4B69B600A3A1757003C02F2</string>
					<string>E4B69B610A3A1757003C02F2</string>
					<string>99FA3DBC1C7456C400CFA0EE</string>
				</array>
				<key>defaultConfigurationIsVisible</key>
				<string>0</string>
				<key>defaultConfigurationName</key>
				<string>Release</string>
				<key>isa</key>
				<string>XCConfigurationList</string>
			</dict>
			<key>E4B69B600A3A1757003C02F2</key>
			<dict>
				<key>baseConfigurationReference</key>
				<string>E4EB6923138AFD0F00A09F29</string>
				<key>buildSettings</key>
				<dict>
					<key>OTHER_LDFLAGS</key>
					<array>
						<string>$(OF_CORE_FRAMEWORKS) $(OF_CORE_LIBS)</string>
						<string>-lavcodec</string>
						<string>-lavformat</string>
						<string>-lswscale</string>
						<string>-lavutil</string>
						<string>-lswresample</string>
						<string>-lavfilter</string>
						<string>-lm</string>
						<string>-lz</string>
					</array>
					<key>OTHER_CFLAGS</key>
					<array>
						<string>-fPIC</string>
						<string>-U_FORTIFY_SOURCE</string>
						<string>-Wall</string>
						<string>-ftree-vectorize</string>
						<string>-ftree-vectorize</string>
						<string>-Wno-deprecated-declarations</string>
						<string>-Wno-sign-compare</string>
						<string>-Wno-unknown-pragmas</string>
						<string>-Wno-unused-function</string>
						<string>-Wno-unused-but-set-variable</string>
					</array>
					<key>HEADER_SEARCH_PATHS</key>
					<array>
						<string>$(OF_CORE_HEADERS)</string>
						<string>src</string>
						<string>../../../openFrameworks/addons/ofxOMXPlayer/src</string>
						<string>../../../openFrameworks/addons/ofxSimpleSerial/src</string>
					</array>
					<key>COMBINE_HIDPI_IMAGES</key>
					<string>YES</string>
					<key>COPY_PHASE_STRIP</key>
					<string>NO</string>
					<key>FRAMEWORK_SEARCH_PATHS</key>
					<array>
						<string>$(inherited)</string>
					</array>
					<key>GCC_DYNAMIC_NO_PIC</key>
					<string>NO</string>
					<key>GCC_GENERATE_DEBUGGING_SYMBOLS</key>
					<string>YES</string>
					<key>GCC_MODEL_TUNING</key>
					<string>NONE</string>
					<key>ICON</key>
					<string>$(ICON_NAME_DEBUG)</string>
					<key>ICON_FILE</key>
					<string>$(ICON_FILE_PATH)$(ICON)</string>
					<key>INFOPLIST_FILE</key>
					<string>openFrameworks-Info.plist</string>
					<key>INSTALL_PATH</key>
					<string>/Applications</string>
					<key>LIBRARY_SEARCH_PATHS</key>
					<string>$(inherited)</string>
					<key>PRODUCT_NAME</key>
					<string>$(TARGET_NAME)Debug</string>
					<key>WRAPPER_EXTENSION</key>
					<string>app</string>
				</dict>
				<key>isa</key>
				<string>XCBuildConfiguration</string>
				<key>name</key>
				<string>Debug</string>
			</dict>
			<key>E4B69B610A3A1757003C02F2</key>
			<dict>
				<key>baseConfigurationReference</key>
				<string>E4EB6923138AFD0F00A09F29</string>
				<key>buildSettings</key>
				<dict>
					<key>OTHER_LDFLAGS</key>
					<array>
						<string>$(OF_CORE_FRAMEWORKS) $(OF_CORE_LIBS)</string>
						<string>-lavcodec</string>
						<string>-lavformat</string>
						<string>-lswscale</string>
						<string>-lavutil</string>
						<string>-lswresample</string>
						<string>-lavfilter</string>
						<string>-lm</string>
						<string>-lz</string>
					</array>
					<key>OTHER_CFLAGS</key>
					<array>
						<string>-fPIC</string>
						<string>-U_FORTIFY_SOURCE</string>
						<string>-Wall</string>
						<string>-ftree-vectorize</string>
						<string>-ftree-vectorize</string>
						<string>-Wno-deprecated-declarations</string>
						<string>-Wno-sign-compare</string>
						<string>-Wno-unknown-pragmas</string>
						<string>-Wno-unused-function</string>
						<string>-Wno-unused-but-set-variable</string>
					</array>
					<key>HEADER_SEARCH_PATHS</key>
					<array>
						<string>$(OF_CORE_HEADERS)</string>
						<string>src</string>
						<string>../../../openFrameworks/addons/ofxOMXPlayer/src</string>
						<string>../../../openFrameworks/addons/ofxSimpleSerial/src</string>
					</array>
					<key>COMBINE_HIDPI_IMAGES</key>
					<string>YES</string>
					<key>COPY_PHASE_STRIP</key>
					<string>YES</string>
					<key>FRAMEWORK_SEARCH_PATHS</key>
					<array>
						<string>$(inherited)</string>
					</array>
					<key>GCC_GENERATE_DEBUGGING_SYMBOLS</key>
					<string>YES</string>
					<key>GCC_MODEL_TUNING</key>
					<string>NONE</string>
					<key>ICON</key>
					<string>$(ICON_NAME_RELEASE)</string>
					<key>ICON_FILE</key>
					<string>$(ICON_FILE_PATH)$(ICON)</string>
					<key>INFOPLIST_FILE</key>
					<string>openFrameworks-Info.plist</string>
					<key>INSTALL_PATH</key>
					<string>/Applications</string>
					<key>LIBRARY_SEARCH_PATHS</key>
					<string>$(inherited)</string>
					<key>PRODUCT_NAME</key>
					<string>$(TARGET_NAME)</string>
					<key>WRAPPER_EXTENSION</key>
					<string>app</string>
					<key>baseConfigurationReference</key>
					<string>E4EB6923138AFD0F00A09F29</string>
				</dict>
				<key>isa</key>
				<string>XCBuildConfiguration</string>
				<key>name</key>
				<string>Release</string>
			</dict>
			<key>E4B69E1C0A3A1BDC003C02F2</key>
			<dict>
				<key>children</key>
				<array>
					<string>E4B69E1D0A3A1BDC003C02F2</string>
					<string>E4B69E1E0A3A1BDC003C02F2</string>
					<string>E4B69E1F0A3A1BDC003C02F2</string>
					<string>1A0C00FC3CFB258A9E01CD81</string>
					<string>ABD2391EB79C49640E2C9895</string>
					<string>4F43FF00BDEA5834B85477B2</string>
					<string>849F497585C5E47BC69BB0F1</string>
					<string>014FC7BA72C24E55587D5B06</string>
					<string>FF9533BF0DCBC5C8052F15F7</string>
					<string>D38BEE0367D5BAEDF9415F15</string>
					<string>73DF7132B19B2A0C33587FF2</string>
					<string>774865F8EBF35FC347F97FC8</string>
					<string>E26359B3F76DB6C94AF4C692</string>
					<string>96BA0B8C7C9921D2BCA4E6C1</string>
					<string>C92F983B9638D00D40DD87D6</string>
					<string>5B29CA5700266304D6ED627E</string>
				</array>
				<key>isa</key>
				<string>PBXGroup</string>
				<key>path</key>
				<string>src</string>
				<key>sourceTree</key>
				<string>SOURCE_ROOT</string>
			</dict>
			<key>E4B69E1D0A3A1BDC003C02F2</key>
			<dict>
				<key>fileEncoding</key>
				<string>4</string>
				<key>isa</key>
				<string>PBXFileReference</string>
				<key>lastKnownFileType</key>
				<string>sourcecode.cpp.cpp</string>
				<key>name</key>
				<string>main.cpp</string>
				<key>path</key>
				<string>src/main.cpp</string>
				<key>sourceTree</key>
				<string>SOURCE_ROOT</string>
			</dict>
			<key>E4B69E1E0A3A1BDC003C02F2</key>
			<dict>
				<key>explicitFileType</key>
				<string>sourcecode.cpp.cpp</string>
				<key>fileEncoding</key>
				<string>4</string>
				<key>isa</key>
				<string>PBXFileReference</string>
				<key>name</key>
				<string>ofApp.cpp</string>
				<key>path</key>
				<string>src/ofApp.cpp</string>
				<key>sourceTree</key>
				<string>SOURCE_ROOT</string>
			</dict>
			<key>E4B69E1F0A3A1BDC003C02F2</key>
			<dict>
				<key>fileEncoding</key>
				<string>4</string>
				<key>isa</key>
				<string>PBXFileReference</string>
				<key>lastKnownFileType</key>
				<string>sourcecode.c.h</string>
				<key>name</key>
				<string>ofApp.h</string>
				<key>path</key>
				<string>src/ofApp.h</string>
				<key>sourceTree</key>
				<string>SOURCE_ROOT</string>
			</dict>
			<key>E4B69E200A3A1BDC003C02F2</key>
			<dict>
				<key>fileRef</key>
				<string>E4B69E1D0A3A1BDC003C02F2</string>
				<key>isa</key>
				<string>PBXBuildFile</string>
			</dict>
			<key>E4B69E210A3A1BDC003C02F2</key>
			<dict>
				<key>fileRef</key>
				<string>E4B69E1E0A3A1BDC003C02F2</string>
				<key>isa</key>
				<string>PBXBuildFile</string>
			</dict>
			<key>E4B6FCAD0C3E899E008CF71C</key>
			<dict>
				<key>fileEncoding</key>
				<string>4</string>
				<key>isa</key>
				<string>PBXFileReference</string>
				<key>lastKnownFileType</key>
				<string>text.plist.xml</string>
				<key>path</key>
				<string>openFrameworks-Info.plist</string>
				<key>sourceTree</key>
				<string>&lt;group&gt;</string>
			</dict>
			<key>E4B6FFFD0C3F9AB9008CF71C</key>
			<dict>
				<key>buildActionMask</key>
				<string>2147483647</string>
				<key>files</key>
				<array />
				<key>inputPaths</key>
				<array />
				<key>isa</key>
				<string>PBXShellScriptBuildPhase</string>
				<key>outputPaths</key>
				<array />
				<key>runOnlyForDeploymentPostprocessing</key>
				<string>0</string>
				<key>shellPath</key>
				<string>/bin/sh</string>
				<key>shellScript</key>
				<string>mkdir -p "$TARGET_BUILD_DIR/$PRODUCT_NAME.app/Contents/Resources/"
# Copy default icon file into App/Resources
rsync -aved "$ICON_FILE" "$TARGET_BUILD_DIR/$PRODUCT_NAME.app/Contents/Resources/"
# Copy libfmod and change install directory for fmod to run
rsync -aved "$OF_PATH/libs/fmodex/lib/osx/libfmodex.dylib" "$TARGET_BUILD_DIR/$PRODUCT_NAME.app/Contents/Frameworks/";
install_name_tool -change @executable_path/libfmodex.dylib @executable_path/../Frameworks/libfmodex.dylib "$TARGET_BUILD_DIR/$PRODUCT_NAME.app/Contents/MacOS/$PRODUCT_NAME";

echo "$GCC_PREPROCESSOR_DEFINITIONS";
</string>
			</dict>
			<key>E4C2427710CC5ABF004149E2</key>
			<dict>
				<key>buildActionMask</key>
				<string>2147483647</string>
				<key>dstPath</key>
				<string />
				<key>dstSubfolderSpec</key>
				<string>10</string>
				<key>files</key>
				<array />
				<key>isa</key>
				<string>PBXCopyFilesBuildPhase</string>
				<key>runOnlyForDeploymentPostprocessing</key>
				<string>0</string>
			</dict>
			<key>E4EB691F138AFCF100A09F29</key>
			<dict>
				<key>fileEncoding</key>
				<string>4</string>
				<key>isa</key>
				<string>PBXFileReference</string>
				<key>lastKnownFileType</key>
				<string>text.xcconfig</string>
				<key>name</key>
				<string>CoreOF.xcconfig</string>
				<key>path</key>
				<string>../../../openFrameworks/libs/openFrameworksCompiled/project/osx/CoreOF.xcconfig</string>
				<key>sourceTree</key>
				<string>SOURCE_ROOT</string>
			</dict>
			<key>E4EB6923138AFD0F00A09F29</key>
			<dict>
				<key>fileEncoding</key>
				<string>4</string>
				<key>isa</key>
				<string>PBXFileReference</string>
				<key>lastKnownFileType</key>
				<string>text.xcconfig</string>
				<key>path</key>
				<string>Project.xcconfig</string>
				<key>sourceTree</key>
				<string>&lt;group&gt;</string>
			</dict>
			<key>E4EEB9AB138B136A00A80321</key>
			<dict>
				<key>containerPortal</key>
				<string>E4328143138ABC890047C5CB</string>
				<key>isa</key>
				<string>PBXContainerItemProxy</string>
				<key>proxyType</key>
				<string>1</string>
				<key>remoteGlobalIDString</key>
				<string>E4B27C1410CBEB8E00536013</string>
				<key>remoteInfo</key>
				<string>openFrameworks</string>
			</dict>
			<key>E4EEB9AC138B136A00A80321</key>
			<dict>
				<key>isa</key>
				<string>PBXTargetDependency</string>
				<key>name</key>
				<string>openFrameworks</string>
				<key>targetProxy</key>
				<string>E4EEB9AB138B136A00A80321</string>
			</dict>
			<key>E4EEC9E9138DF44700A80321</key>
			<dict>
				<key>children</key>
				<array>
					<string>E4EB691F138AFCF100A09F29</string>
					<string>E4328143138ABC890047C5CB</string>
				</array>
				<key>isa</key>
				<string>PBXGroup</string>
				<key>name</key>
				<string>openFrameworks</string>
				<key>sourceTree</key>
				<string>&lt;group&gt;</string>
			</dict>
		</dict>
		<key>rootObject</key>
		<string>E4B69B4C0A3A1720003C02F2</string>
	</dict>
</plist>
